
Microsoft Visual Studio Solution File, Format Version 11.00
# Visual Studio 2010
Project("{FAE04EC0-301F-11D3-BF4B-00C04F79EFBC}") = "Assembly-CSharp", "Assembly-CSharp.csproj", "{0536d9e5-3a75-99c1-6b07-96c98ac5aafa}"
EndProject
Project("{FAE04EC0-301F-11D3-BF4B-00C04F79EFBC}") = "Assembly-CSharp-Editor", "Assembly-CSharp-Editor.csproj", "{8d88dc84-3f09-b0cc-2b57-f7ea87389866}"
EndProject
Global
	GlobalSection(SolutionConfigurationPlatforms) = preSolution
		Debug|Any CPU = Debug|Any CPU
	EndGlobalSection
	GlobalSection(ProjectConfigurationPlatforms) = postSolution
		{0536d9e5-3a75-99c1-6b07-96c98ac5aafa}.Debug|Any CPU.ActiveCfg = Debug|Any CPU
		{0536d9e5-3a75-99c1-6b07-96c98ac5aafa}.Debug|Any CPU.Build.0 = Debug|Any CPU
		{8d88dc84-3f09-b0cc-2b57-f7ea87389866}.Debug|Any CPU.ActiveCfg = Debug|Any CPU
		{8d88dc84-3f09-b0cc-2b57-f7ea87389866}.Debug|Any CPU.Build.0 = Debug|Any CPU
	EndGlobalSection
	GlobalSection(SolutionProperties) = preSolution
		HideSolutionNode = FALSE
	EndGlobalSection
EndGlobal
